
Microsoft Visual Studio Solution File, Format Version 12.00
# Visual Studio Version 17
VisualStudioVersion = 17.0.32014.148
MinimumVisualStudioVersion = 10.0.40219.1
Project("{8BC9CEB8-8B4A-11D0-8D11-00A0C91BC942}") = "QtWidgetsApplication1", "QtWidgetsApplication1.vcxproj", "{540612BA-38B9-47A3-808D-55DD555433E3}"
EndProject
Global
	GlobalSection(SolutionConfigurationPlatforms) = preSolution
		Debug|x64 = Debug|x64
		Release|x64 = Release|x64
	EndGlobalSection
	GlobalSection(ProjectConfigurationPlatforms) = postSolution
		{540612BA-38B9-47A3-808D-55DD555433E3}.Debug|x64.ActiveCfg = Debug|x64
		{540612BA-38B9-47A3-808D-55DD555433E3}.Debug|x64.Build.0 = Debug|x64
		{540612BA-38B9-47A3-808D-55DD555433E3}.Release|x64.ActiveCfg = Release|x64
		{540612BA-38B9-47A3-808D-55DD555433E3}.Release|x64.Build.0 = Release|x64
	EndGlobalSection
	GlobalSection(SolutionProperties) = preSolution
		HideSolutionNode = FALSE
	EndGlobalSection
	GlobalSection(ExtensibilityGlobals) = postSolution
		SolutionGuid = {E016F069-1EC7-4A0E-B0B3-810202EF7072}
	EndGlobalSection
EndGlobal
